
Microsoft Visual Studio Solution File, Format Version 12.00
# Visual Studio Version 18
VisualStudioVersion = 18.1.11312.151
MinimumVisualStudioVersion = 10.0.40219.1
Project("{FAE04EC0-301F-11D3-BF4B-00C04F79EFBC}") = "ConsoleApp1", "ConsoleApp1\ConsoleApp1.csproj", "{268C82C7-4191-4D10-872C-C6D6D81EBBC0}"
EndProject
Project("{FAE04EC0-301F-11D3-BF4B-00C04F79EFBC}") = "AgeLib.Scripting.Assembly", "AgeLib.Scripting.Assembly\AgeLib.Scripting.Assembly.csproj", "{B0359B32-DA9F-4C68-87E3-2F2C0B26F6BE}"
EndProject
Project("{FAE04EC0-301F-11D3-BF4B-00C04F79EFBC}") = "AgeLib.Scripting.Compilation", "AgeLib.Scripting.Compilation\AgeLib.Scripting.Compilation.csproj", "{07E6C372-3098-4F9D-B592-E0916E08D7FC}"
EndProject
Project("{FAE04EC0-301F-11D3-BF4B-00C04F79EFBC}") = "AgeLib.Scripting.Script", "AgeLib.Scripting.Script\AgeLib.Scripting.Script.csproj", "{EA0A8ADC-39B1-4696-A3B5-038A26FBA1B8}"
EndProject
Project("{8BC9CEB8-8B4A-11D0-8D11-00A0C91BC942}") = "AgeLib.AiModule.Library", "AgeLib.AiModule.Library\AgeLib.AiModule.Library.vcxproj", "{570D7FD8-E597-5E59-9313-1C53A4350725}"
EndProject
Project("{FAE04EC0-301F-11D3-BF4B-00C04F79EFBC}") = "AgeLib.AiModule.Engine", "AgeLib.AiModule.Engine\AgeLib.AiModule.Engine.csproj", "{CD71CCF3-AB19-4C6F-8D1C-DDE5180F5B74}"
EndProject
Global
	GlobalSection(SolutionConfigurationPlatforms) = preSolution
		Debug|Any CPU = Debug|Any CPU
		Debug|x64 = Debug|x64
		Debug|x86 = Debug|x86
		Release|Any CPU = Release|Any CPU
		Release|x64 = Release|x64
		Release|x86 = Release|x86
	EndGlobalSection
	GlobalSection(ProjectConfigurationPlatforms) = postSolution
		{268C82C7-4191-4D10-872C-C6D6D81EBBC0}.Debug|Any CPU.ActiveCfg = Debug|Any CPU
		{268C82C7-4191-4D10-872C-C6D6D81EBBC0}.Debug|Any CPU.Build.0 = Debug|Any CPU
		{268C82C7-4191-4D10-872C-C6D6D81EBBC0}.Debug|x64.ActiveCfg = Debug|Any CPU
		{268C82C7-4191-4D10-872C-C6D6D81EBBC0}.Debug|x64.Build.0 = Debug|Any CPU
		{268C82C7-4191-4D10-872C-C6D6D81EBBC0}.Debug|x86.ActiveCfg = Debug|Any CPU
		{268C82C7-4191-4D10-872C-C6D6D81EBBC0}.Debug|x86.Build.0 = Debug|Any CPU
		{268C82C7-4191-4D10-872C-C6D6D81EBBC0}.Release|Any CPU.ActiveCfg = Release|Any CPU
		{268C82C7-4191-4D10-872C-C6D6D81EBBC0}.Release|Any CPU.Build.0 = Release|Any CPU
		{268C82C7-4191-4D10-872C-C6D6D81EBBC0}.Release|x64.ActiveCfg = Release|Any CPU
		{268C82C7-4191-4D10-872C-C6D6D81EBBC0}.Release|x64.Build.0 = Release|Any CPU
		{268C82C7-4191-4D10-872C-C6D6D81EBBC0}.Release|x86.ActiveCfg = Release|Any CPU
		{268C82C7-4191-4D10-872C-C6D6D81EBBC0}.Release|x86.Build.0 = Release|Any CPU
		{B0359B32-DA9F-4C68-87E3-2F2C0B26F6BE}.Debug|Any CPU.ActiveCfg = Debug|Any CPU
		{B0359B32-DA9F-4C68-87E3-2F2C0B26F6BE}.Debug|Any CPU.Build.0 = Debug|Any CPU
		{B0359B32-DA9F-4C68-87E3-2F2C0B26F6BE}.Debug|x64.ActiveCfg = Debug|Any CPU
		{B0359B32-DA9F-4C68-87E3-2F2C0B26F6BE}.Debug|x64.Build.0 = Debug|Any CPU
		{B0359B32-DA9F-4C68-87E3-2F2C0B26F6BE}.Debug|x86.ActiveCfg = Debug|Any CPU
		{B0359B32-DA9F-4C68-87E3-2F2C0B26F6BE}.Debug|x86.Build.0 = Debug|Any CPU
		{B0359B32-DA9F-4C68-87E3-2F2C0B26F6BE}.Release|Any CPU.ActiveCfg = Release|Any CPU
		{B0359B32-DA9F-4C68-87E3-2F2C0B26F6BE}.Release|Any CPU.Build.0 = Release|Any CPU
		{B0359B32-DA9F-4C68-87E3-2F2C0B26F6BE}.Release|x64.ActiveCfg = Release|Any CPU
		{B0359B32-DA9F-4C68-87E3-2F2C0B26F6BE}.Release|x64.Build.0 = Release|Any CPU
		{B0359B32-DA9F-4C68-87E3-2F2C0B26F6BE}.Release|x86.ActiveCfg = Release|Any CPU
		{B0359B32-DA9F-4C68-87E3-2F2C0B26F6BE}.Release|x86.Build.0 = Release|Any CPU
		{07E6C372-3098-4F9D-B592-E0916E08D7FC}.Debug|Any CPU.ActiveCfg = Debug|Any CPU
		{07E6C372-3098-4F9D-B592-E0916E08D7FC}.Debug|Any CPU.Build.0 = Debug|Any CPU
		{07E6C372-3098-4F9D-B592-E0916E08D7FC}.Debug|x64.ActiveCfg = Debug|Any CPU
		{07E6C372-3098-4F9D-B592-E0916E08D7FC}.Debug|x64.Build.0 = Debug|Any CPU
		{07E6C372-3098-4F9D-B592-E0916E08D7FC}.Debug|x86.ActiveCfg = Debug|Any CPU
		{07E6C372-3098-4F9D-B592-E0916E08D7FC}.Debug|x86.Build.0 = Debug|Any CPU
		{07E6C372-3098-4F9D-B592-E0916E08D7FC}.Release|Any CPU.ActiveCfg = Release|Any CPU
		{07E6C372-3098-4F9D-B592-E0916E08D7FC}.Release|Any CPU.Build.0 = Release|Any CPU
		{07E6C372-3098-4F9D-B592-E0916E08D7FC}.Release|x64.ActiveCfg = Release|Any CPU
		{07E6C372-3098-4F9D-B592-E0916E08D7FC}.Release|x64.Build.0 = Release|Any CPU
		{07E6C372-3098-4F9D-B592-E0916E08D7FC}.Release|x86.ActiveCfg = Release|Any CPU
		{07E6C372-3098-4F9D-B592-E0916E08D7FC}.Release|x86.Build.0 = Release|Any CPU
		{EA0A8ADC-39B1-4696-A3B5-038A26FBA1B8}.Debug|Any CPU.ActiveCfg = Debug|Any CPU
		{EA0A8ADC-39B1-4696-A3B5-038A26FBA1B8}.Debug|Any CPU.Build.0 = Debug|Any CPU
		{EA0A8ADC-39B1-4696-A3B5-038A26FBA1B8}.Debug|x64.ActiveCfg = Debug|Any CPU
		{EA0A8ADC-39B1-4696-A3B5-038A26FBA1B8}.Debug|x64.Build.0 = Debug|Any CPU
		{EA0A8ADC-39B1-4696-A3B5-038A26FBA1B8}.Debug|x86.ActiveCfg = Debug|Any CPU
		{EA0A8ADC-39B1-4696-A3B5-038A26FBA1B8}.Debug|x86.Build.0 = Debug|Any CPU
		{EA0A8ADC-39B1-4696-A3B5-038A26FBA1B8}.Release|Any CPU.ActiveCfg = Release|Any CPU
		{EA0A8ADC-39B1-4696-A3B5-038A26FBA1B8}.Release|Any CPU.Build.0 = Release|Any CPU
		{EA0A8ADC-39B1-4696-A3B5-038A26FBA1B8}.Release|x64.ActiveCfg = Release|Any CPU
		{EA0A8ADC-39B1-4696-A3B5-038A26FBA1B8}.Release|x64.Build.0 = Release|Any CPU
		{EA0A8ADC-39B1-4696-A3B5-038A26FBA1B8}.Release|x86.ActiveCfg = Release|Any CPU
		{EA0A8ADC-39B1-4696-A3B5-038A26FBA1B8}.Release|x86.Build.0 = Release|Any CPU
		{570D7FD8-E597-5E59-9313-1C53A4350725}.Debug|Any CPU.ActiveCfg = Debug|Win32
		{570D7FD8-E597-5E59-9313-1C53A4350725}.Debug|Any CPU.Build.0 = Debug|Win32
		{570D7FD8-E597-5E59-9313-1C53A4350725}.Debug|x64.ActiveCfg = Debug|x64
		{570D7FD8-E597-5E59-9313-1C53A4350725}.Debug|x64.Build.0 = Debug|x64
		{570D7FD8-E597-5E59-9313-1C53A4350725}.Debug|x86.ActiveCfg = Debug|Win32
		{570D7FD8-E597-5E59-9313-1C53A4350725}.Debug|x86.Build.0 = Debug|Win32
		{570D7FD8-E597-5E59-9313-1C53A4350725}.Release|Any CPU.ActiveCfg = Release|Win32
		{570D7FD8-E597-5E59-9313-1C53A4350725}.Release|Any CPU.Build.0 = Release|Win32
		{570D7FD8-E597-5E59-9313-1C53A4350725}.Release|x64.ActiveCfg = Release|x64
		{570D7FD8-E597-5E59-9313-1C53A4350725}.Release|x64.Build.0 = Release|x64
		{570D7FD8-E597-5E59-9313-1C53A4350725}.Release|x86.ActiveCfg = Release|Win32
		{570D7FD8-E597-5E59-9313-1C53A4350725}.Release|x86.Build.0 = Release|Win32
		{CD71CCF3-AB19-4C6F-8D1C-DDE5180F5B74}.Debug|Any CPU.ActiveCfg = Debug|Any CPU
		{CD71CCF3-AB19-4C6F-8D1C-DDE5180F5B74}.Debug|Any CPU.Build.0 = Debug|Any CPU
		{CD71CCF3-AB19-4C6F-8D1C-DDE5180F5B74}.Debug|x64.ActiveCfg = Debug|Any CPU
		{CD71CCF3-AB19-4C6F-8D1C-DDE5180F5B74}.Debug|x64.Build.0 = Debug|Any CPU
		{CD71CCF3-AB19-4C6F-8D1C-DDE5180F5B74}.Debug|x86.ActiveCfg = Debug|Any CPU
		{CD71CCF3-AB19-4C6F-8D1C-DDE5180F5B74}.Debug|x86.Build.0 = Debug|Any CPU
		{CD71CCF3-AB19-4C6F-8D1C-DDE5180F5B74}.Release|Any CPU.ActiveCfg = Release|Any CPU
		{CD71CCF3-AB19-4C6F-8D1C-DDE5180F5B74}.Release|Any CPU.Build.0 = Release|Any CPU
		{CD71CCF3-AB19-4C6F-8D1C-DDE5180F5B74}.Release|x64.ActiveCfg = Release|Any CPU
		{CD71CCF3-AB19-4C6F-8D1C-DDE5180F5B74}.Release|x64.Build.0 = Release|Any CPU
		{CD71CCF3-AB19-4C6F-8D1C-DDE5180F5B74}.Release|x86.ActiveCfg = Release|Any CPU
		{CD71CCF3-AB19-4C6F-8D1C-DDE5180F5B74}.Release|x86.Build.0 = Release|Any CPU
	EndGlobalSection
	GlobalSection(SolutionProperties) = preSolution
		HideSolutionNode = FALSE
	EndGlobalSection
	GlobalSection(ExtensibilityGlobals) = postSolution
		SolutionGuid = {4B2E2490-EE76-4CBF-93BE-FDCF9E82B3E8}
	EndGlobalSection
EndGlobal
